
Microsoft Visual Studio Solution File, Format Version 12.00
# Visual Studio 15
VisualStudioVersion = 15.0.27130.0
MinimumVisualStudioVersion = 10.0.40219.1
Project("{911E67C6-3D85-4FCE-B560-20A9C3E3FF48}") = "test", "output\test.exe", "{4F18DA60-BBCC-4FF5-9F19-050031051D90}"
	ProjectSection(DebuggerProjectSystem) = preProject
		PortSupplier = 00000000-0000-0000-0000-000000000000
		Executable = C:\Users\frede\Repositories\headers\output\test.exe
		RemoteMachine = BENTE
		StartingDirectory = C:\Users\frede\Repositories\headers
		Environment = Default
		LaunchingEngine = 00000000-0000-0000-0000-000000000000
		UseLegacyDebugEngines = No
		LaunchSQLEngine = No
		AttachLaunchAction = No
	EndProjectSection
EndProject
Project("{8BC9CEB8-8B4A-11D0-8D11-00A0C91BC942}") = "headers", "headers.vcxproj", "{9AB31CEA-EEFA-4708-AA78-480FAB382E8A}"
EndProject
Global
	GlobalSection(SolutionConfigurationPlatforms) = preSolution
		Debug|x64 = Debug|x64
		Debug|x86 = Debug|x86
		Release|x64 = Release|x64
		Release|x86 = Release|x86
	EndGlobalSection
	GlobalSection(ProjectConfigurationPlatforms) = postSolution
		{4F18DA60-BBCC-4FF5-9F19-050031051D90}.Debug|x64.ActiveCfg = Release|x64
		{4F18DA60-BBCC-4FF5-9F19-050031051D90}.Debug|x86.ActiveCfg = Release|x64
		{4F18DA60-BBCC-4FF5-9F19-050031051D90}.Release|x64.ActiveCfg = Release|x64
		{4F18DA60-BBCC-4FF5-9F19-050031051D90}.Release|x86.ActiveCfg = Release|x64
		{9AB31CEA-EEFA-4708-AA78-480FAB382E8A}.Debug|x64.ActiveCfg = Debug|x64
		{9AB31CEA-EEFA-4708-AA78-480FAB382E8A}.Debug|x64.Build.0 = Debug|x64
		{9AB31CEA-EEFA-4708-AA78-480FAB382E8A}.Debug|x86.ActiveCfg = Debug|Win32
		{9AB31CEA-EEFA-4708-AA78-480FAB382E8A}.Debug|x86.Build.0 = Debug|Win32
		{9AB31CEA-EEFA-4708-AA78-480FAB382E8A}.Release|x64.ActiveCfg = Release|x64
		{9AB31CEA-EEFA-4708-AA78-480FAB382E8A}.Release|x64.Build.0 = Release|x64
		{9AB31CEA-EEFA-4708-AA78-480FAB382E8A}.Release|x86.ActiveCfg = Release|Win32
		{9AB31CEA-EEFA-4708-AA78-480FAB382E8A}.Release|x86.Build.0 = Release|Win32
	EndGlobalSection
	GlobalSection(SolutionProperties) = preSolution
		HideSolutionNode = FALSE
	EndGlobalSection
	GlobalSection(ExtensibilityGlobals) = postSolution
		SolutionGuid = {D2EC181E-5DDB-4712-939A-D2AFF845102C}
	EndGlobalSection
EndGlobal
